
Microsoft Visual Studio Solution File, Format Version 12.00
# Visual Studio Version 18
VisualStudioVersion = 18.0.11205.157
MinimumVisualStudioVersion = 10.0.40219.1
Project("{9A19103F-16F7-4668-BE54-9A1E7A4F7556}") = "Water_Features", "Water_Features\Water_Features.csproj", "{CC1CDBCF-2768-45D0-BC55-38A88A2D48EB}"
EndProject
Global
	GlobalSection(SolutionConfigurationPlatforms) = preSolution
		Debug|Any CPU = Debug|Any CPU
		Release|Any CPU = Release|Any CPU
		Stable|Any CPU = Stable|Any CPU
	EndGlobalSection
	GlobalSection(ProjectConfigurationPlatforms) = postSolution
		{CC1CDBCF-2768-45D0-BC55-38A88A2D48EB}.Debug|Any CPU.ActiveCfg = Debug|Any CPU
		{CC1CDBCF-2768-45D0-BC55-38A88A2D48EB}.Debug|Any CPU.Build.0 = Debug|Any CPU
		{CC1CDBCF-2768-45D0-BC55-38A88A2D48EB}.Release|Any CPU.ActiveCfg = Release|Any CPU
		{CC1CDBCF-2768-45D0-BC55-38A88A2D48EB}.Release|Any CPU.Build.0 = Release|Any CPU
		{CC1CDBCF-2768-45D0-BC55-38A88A2D48EB}.Stable|Any CPU.ActiveCfg = Stable|Any CPU
		{CC1CDBCF-2768-45D0-BC55-38A88A2D48EB}.Stable|Any CPU.Build.0 = Stable|Any CPU
	EndGlobalSection
	GlobalSection(SolutionProperties) = preSolution
		HideSolutionNode = FALSE
	EndGlobalSection
	GlobalSection(ExtensibilityGlobals) = postSolution
		SolutionGuid = {9F256269-9E0A-4D59-A551-5C5029D72A95}
	EndGlobalSection
EndGlobal
